
Microsoft Visual Studio Solution File, Format Version 12.00
# Visual Studio Version 16
VisualStudioVersion = 16.0.30309.148
MinimumVisualStudioVersion = 10.0.40219.1
Project("{FAE04EC0-301F-11D3-BF4B-00C04F79EFBC}") = "Maximum_Subarray", "Maximum_Subarray\Maximum_Subarray.csproj", "{6F95E752-9C2F-4696-863C-6E555B446513}"
EndProject
Global
	GlobalSection(SolutionConfigurationPlatforms) = preSolution
		Debug|Any CPU = Debug|Any CPU
		Release|Any CPU = Release|Any CPU
	EndGlobalSection
	GlobalSection(ProjectConfigurationPlatforms) = postSolution
		{6F95E752-9C2F-4696-863C-6E555B446513}.Debug|Any CPU.ActiveCfg = Debug|Any CPU
		{6F95E752-9C2F-4696-863C-6E555B446513}.Debug|Any CPU.Build.0 = Debug|Any CPU
		{6F95E752-9C2F-4696-863C-6E555B446513}.Release|Any CPU.ActiveCfg = Release|Any CPU
		{6F95E752-9C2F-4696-863C-6E555B446513}.Release|Any CPU.Build.0 = Release|Any CPU
	EndGlobalSection
	GlobalSection(SolutionProperties) = preSolution
		HideSolutionNode = FALSE
	EndGlobalSection
	GlobalSection(ExtensibilityGlobals) = postSolution
		SolutionGuid = {6567B412-9AED-4D1D-A16D-7FC105DD210D}
	EndGlobalSection
EndGlobal
